
Microsoft Visual Studio Solution File, Format Version 12.00
# Visual Studio Version 17
VisualStudioVersion = 17.9.34622.214
MinimumVisualStudioVersion = 10.0.40219.1
Project("{FAE04EC0-301F-11D3-BF4B-00C04F79EFBC}") = "MVCDemoS9", "MVCDemoS9\MVCDemoS9.csproj", "{FBE4C75A-9A4E-4124-97E7-AE71687E1901}"
EndProject
Global
	GlobalSection(SolutionConfigurationPlatforms) = preSolution
		Debug|Any CPU = Debug|Any CPU
		Release|Any CPU = Release|Any CPU
	EndGlobalSection
	GlobalSection(ProjectConfigurationPlatforms) = postSolution
		{FBE4C75A-9A4E-4124-97E7-AE71687E1901}.Debug|Any CPU.ActiveCfg = Debug|Any CPU
		{FBE4C75A-9A4E-4124-97E7-AE71687E1901}.Debug|Any CPU.Build.0 = Debug|Any CPU
		{FBE4C75A-9A4E-4124-97E7-AE71687E1901}.Release|Any CPU.ActiveCfg = Release|Any CPU
		{FBE4C75A-9A4E-4124-97E7-AE71687E1901}.Release|Any CPU.Build.0 = Release|Any CPU
	EndGlobalSection
	GlobalSection(SolutionProperties) = preSolution
		HideSolutionNode = FALSE
	EndGlobalSection
	GlobalSection(ExtensibilityGlobals) = postSolution
		SolutionGuid = {91D1E631-0A5A-4EF2-91DA-C05BD598E421}
	EndGlobalSection
EndGlobal
